
Microsoft Visual Studio Solution File, Format Version 12.00
# Visual Studio 15
VisualStudioVersion = 15.0.27130.2036
MinimumVisualStudioVersion = 10.0.40219.1
Project("{FAE04EC0-301F-11D3-BF4B-00C04F79EFBC}") = "Ax1Mobile.Android", "Ax1Mobile\Ax1Mobile.Android\Ax1Mobile.Android.csproj", "{385797C3-30C2-44D1-ACAA-2BA5482E1706}"
EndProject
Project("{FAE04EC0-301F-11D3-BF4B-00C04F79EFBC}") = "Ax1Mobile.iOS", "Ax1Mobile\Ax1Mobile.iOS\Ax1Mobile.iOS.csproj", "{8165E435-8CEA-472B-A61A-100DB5A48521}"
EndProject
Project("{FAE04EC0-301F-11D3-BF4B-00C04F79EFBC}") = "Ax1Mobile", "Ax1Mobile\Ax1Mobile\Ax1Mobile.csproj", "{3D0A3CD2-30B7-44F7-B3B8-606CE3202011}"
EndProject
Project("{FAE04EC0-301F-11D3-BF4B-00C04F79EFBC}") = "Ax1.DAL", "Ax1.DAL\Ax1.DAL.csproj", "{AC966010-8E51-4BAC-A756-35D649D37C61}"
EndProject
Global
	GlobalSection(SolutionConfigurationPlatforms) = preSolution
		Ad-Hoc|Any CPU = Ad-Hoc|Any CPU
		Ad-Hoc|iPhone = Ad-Hoc|iPhone
		Ad-Hoc|iPhoneSimulator = Ad-Hoc|iPhoneSimulator
		AppStore|Any CPU = AppStore|Any CPU
		AppStore|iPhone = AppStore|iPhone
		AppStore|iPhoneSimulator = AppStore|iPhoneSimulator
		Debug|Any CPU = Debug|Any CPU
		Debug|iPhone = Debug|iPhone
		Debug|iPhoneSimulator = Debug|iPhoneSimulator
		Release|Any CPU = Release|Any CPU
		Release|iPhone = Release|iPhone
		Release|iPhoneSimulator = Release|iPhoneSimulator
	EndGlobalSection
	GlobalSection(ProjectConfigurationPlatforms) = postSolution
		{385797C3-30C2-44D1-ACAA-2BA5482E1706}.Ad-Hoc|Any CPU.ActiveCfg = Release|Any CPU
		{385797C3-30C2-44D1-ACAA-2BA5482E1706}.Ad-Hoc|Any CPU.Build.0 = Release|Any CPU
		{385797C3-30C2-44D1-ACAA-2BA5482E1706}.Ad-Hoc|Any CPU.Deploy.0 = Release|Any CPU
		{385797C3-30C2-44D1-ACAA-2BA5482E1706}.Ad-Hoc|iPhone.ActiveCfg = Release|Any CPU
		{385797C3-30C2-44D1-ACAA-2BA5482E1706}.Ad-Hoc|iPhone.Build.0 = Release|Any CPU
		{385797C3-30C2-44D1-ACAA-2BA5482E1706}.Ad-Hoc|iPhone.Deploy.0 = Release|Any CPU
		{385797C3-30C2-44D1-ACAA-2BA5482E1706}.Ad-Hoc|iPhoneSimulator.ActiveCfg = Release|Any CPU
		{385797C3-30C2-44D1-ACAA-2BA5482E1706}.Ad-Hoc|iPhoneSimulator.Build.0 = Release|Any CPU
		{385797C3-30C2-44D1-ACAA-2BA5482E1706}.Ad-Hoc|iPhoneSimulator.Deploy.0 = Release|Any CPU
		{385797C3-30C2-44D1-ACAA-2BA5482E1706}.AppStore|Any CPU.ActiveCfg = Release|Any CPU
		{385797C3-30C2-44D1-ACAA-2BA5482E1706}.AppStore|Any CPU.Build.0 = Release|Any CPU
		{385797C3-30C2-44D1-ACAA-2BA5482E1706}.AppStore|Any CPU.Deploy.0 = Release|Any CPU
		{385797C3-30C2-44D1-ACAA-2BA5482E1706}.AppStore|iPhone.ActiveCfg = Release|Any CPU
		{385797C3-30C2-44D1-ACAA-2BA5482E1706}.AppStore|iPhone.Build.0 = Release|Any CPU
		{385797C3-30C2-44D1-ACAA-2BA5482E1706}.AppStore|iPhone.Deploy.0 = Release|Any CPU
		{385797C3-30C2-44D1-ACAA-2BA5482E1706}.AppStore|iPhoneSimulator.ActiveCfg = Release|Any CPU
		{385797C3-30C2-44D1-ACAA-2BA5482E1706}.AppStore|iPhoneSimulator.Build.0 = Release|Any CPU
		{385797C3-30C2-44D1-ACAA-2BA5482E1706}.AppStore|iPhoneSimulator.Deploy.0 = Release|Any CPU
		{385797C3-30C2-44D1-ACAA-2BA5482E1706}.Debug|Any CPU.ActiveCfg = Debug|Any CPU
		{385797C3-30C2-44D1-ACAA-2BA5482E1706}.Debug|Any CPU.Build.0 = Debug|Any CPU
		{385797C3-30C2-44D1-ACAA-2BA5482E1706}.Debug|Any CPU.Deploy.0 = Debug|Any CPU
		{385797C3-30C2-44D1-ACAA-2BA5482E1706}.Debug|iPhone.ActiveCfg = Debug|Any CPU
		{385797C3-30C2-44D1-ACAA-2BA5482E1706}.Debug|iPhone.Build.0 = Debug|Any CPU
		{385797C3-30C2-44D1-ACAA-2BA5482E1706}.Debug|iPhone.Deploy.0 = Debug|Any CPU
		{385797C3-30C2-44D1-ACAA-2BA5482E1706}.Debug|iPhoneSimulator.ActiveCfg = Debug|Any CPU
		{385797C3-30C2-44D1-ACAA-2BA5482E1706}.Debug|iPhoneSimulator.Build.0 = Debug|Any CPU
		{385797C3-30C2-44D1-ACAA-2BA5482E1706}.Debug|iPhoneSimulator.Deploy.0 = Debug|Any CPU
		{385797C3-30C2-44D1-ACAA-2BA5482E1706}.Release|Any CPU.ActiveCfg = Release|Any CPU
		{385797C3-30C2-44D1-ACAA-2BA5482E1706}.Release|Any CPU.Build.0 = Release|Any CPU
		{385797C3-30C2-44D1-ACAA-2BA5482E1706}.Release|Any CPU.Deploy.0 = Release|Any CPU
		{385797C3-30C2-44D1-ACAA-2BA5482E1706}.Release|iPhone.ActiveCfg = Release|Any CPU
		{385797C3-30C2-44D1-ACAA-2BA5482E1706}.Release|iPhone.Build.0 = Release|Any CPU
		{385797C3-30C2-44D1-ACAA-2BA5482E1706}.Release|iPhone.Deploy.0 = Release|Any CPU
		{385797C3-30C2-44D1-ACAA-2BA5482E1706}.Release|iPhoneSimulator.ActiveCfg = Release|Any CPU
		{385797C3-30C2-44D1-ACAA-2BA5482E1706}.Release|iPhoneSimulator.Build.0 = Release|Any CPU
		{385797C3-30C2-44D1-ACAA-2BA5482E1706}.Release|iPhoneSimulator.Deploy.0 = Release|Any CPU
		{8165E435-8CEA-472B-A61A-100DB5A48521}.Ad-Hoc|Any CPU.ActiveCfg = Ad-Hoc|iPhone
		{8165E435-8CEA-472B-A61A-100DB5A48521}.Ad-Hoc|iPhone.ActiveCfg = Ad-Hoc|iPhone
		{8165E435-8CEA-472B-A61A-100DB5A48521}.Ad-Hoc|iPhone.Build.0 = Ad-Hoc|iPhone
		{8165E435-8CEA-472B-A61A-100DB5A48521}.Ad-Hoc|iPhoneSimulator.ActiveCfg = Ad-Hoc|iPhoneSimulator
		{8165E435-8CEA-472B-A61A-100DB5A48521}.Ad-Hoc|iPhoneSimulator.Build.0 = Ad-Hoc|iPhoneSimulator
		{8165E435-8CEA-472B-A61A-100DB5A48521}.AppStore|Any CPU.ActiveCfg = AppStore|iPhone
		{8165E435-8CEA-472B-A61A-100DB5A48521}.AppStore|iPhone.ActiveCfg = AppStore|iPhone
		{8165E435-8CEA-472B-A61A-100DB5A48521}.AppStore|iPhone.Build.0 = AppStore|iPhone
		{8165E435-8CEA-472B-A61A-100DB5A48521}.AppStore|iPhoneSimulator.ActiveCfg = AppStore|iPhoneSimulator
		{8165E435-8CEA-472B-A61A-100DB5A48521}.AppStore|iPhoneSimulator.Build.0 = AppStore|iPhoneSimulator
		{8165E435-8CEA-472B-A61A-100DB5A48521}.Debug|Any CPU.ActiveCfg = Debug|iPhone
		{8165E435-8CEA-472B-A61A-100DB5A48521}.Debug|iPhone.ActiveCfg = Debug|iPhone
		{8165E435-8CEA-472B-A61A-100DB5A48521}.Debug|iPhone.Build.0 = Debug|iPhone
		{8165E435-8CEA-472B-A61A-100DB5A48521}.Debug|iPhoneSimulator.ActiveCfg = Debug|iPhoneSimulator
		{8165E435-8CEA-472B-A61A-100DB5A48521}.Debug|iPhoneSimulator.Build.0 = Debug|iPhoneSimulator
		{8165E435-8CEA-472B-A61A-100DB5A48521}.Release|Any CPU.ActiveCfg = Release|iPhone
		{8165E435-8CEA-472B-A61A-100DB5A48521}.Release|iPhone.ActiveCfg = Release|iPhone
		{8165E435-8CEA-472B-A61A-100DB5A48521}.Release|iPhone.Build.0 = Release|iPhone
		{8165E435-8CEA-472B-A61A-100DB5A48521}.Release|iPhoneSimulator.ActiveCfg = Release|iPhoneSimulator
		{8165E435-8CEA-472B-A61A-100DB5A48521}.Release|iPhoneSimulator.Build.0 = Release|iPhoneSimulator
		{3D0A3CD2-30B7-44F7-B3B8-606CE3202011}.Ad-Hoc|Any CPU.ActiveCfg = Debug|Any CPU
		{3D0A3CD2-30B7-44F7-B3B8-606CE3202011}.Ad-Hoc|Any CPU.Build.0 = Debug|Any CPU
		{3D0A3CD2-30B7-44F7-B3B8-606CE3202011}.Ad-Hoc|iPhone.ActiveCfg = Debug|Any CPU
		{3D0A3CD2-30B7-44F7-B3B8-606CE3202011}.Ad-Hoc|iPhone.Build.0 = Debug|Any CPU
		{3D0A3CD2-30B7-44F7-B3B8-606CE3202011}.Ad-Hoc|iPhoneSimulator.ActiveCfg = Debug|Any CPU
		{3D0A3CD2-30B7-44F7-B3B8-606CE3202011}.Ad-Hoc|iPhoneSimulator.Build.0 = Debug|Any CPU
		{3D0A3CD2-30B7-44F7-B3B8-606CE3202011}.AppStore|Any CPU.ActiveCfg = Debug|Any CPU
		{3D0A3CD2-30B7-44F7-B3B8-606CE3202011}.AppStore|Any CPU.Build.0 = Debug|Any CPU
		{3D0A3CD2-30B7-44F7-B3B8-606CE3202011}.AppStore|iPhone.ActiveCfg = Debug|Any CPU
		{3D0A3CD2-30B7-44F7-B3B8-606CE3202011}.AppStore|iPhone.Build.0 = Debug|Any CPU
		{3D0A3CD2-30B7-44F7-B3B8-606CE3202011}.AppStore|iPhoneSimulator.ActiveCfg = Debug|Any CPU
		{3D0A3CD2-30B7-44F7-B3B8-606CE3202011}.AppStore|iPhoneSimulator.Build.0 = Debug|Any CPU
		{3D0A3CD2-30B7-44F7-B3B8-606CE3202011}.Debug|Any CPU.ActiveCfg = Debug|Any CPU
		{3D0A3CD2-30B7-44F7-B3B8-606CE3202011}.Debug|Any CPU.Build.0 = Debug|Any CPU
		{3D0A3CD2-30B7-44F7-B3B8-606CE3202011}.Debug|iPhone.ActiveCfg = Debug|Any CPU
		{3D0A3CD2-30B7-44F7-B3B8-606CE3202011}.Debug|iPhone.Build.0 = Debug|Any CPU
		{3D0A3CD2-30B7-44F7-B3B8-606CE3202011}.Debug|iPhoneSimulator.ActiveCfg = Debug|Any CPU
		{3D0A3CD2-30B7-44F7-B3B8-606CE3202011}.Debug|iPhoneSimulator.Build.0 = Debug|Any CPU
		{3D0A3CD2-30B7-44F7-B3B8-606CE3202011}.Release|Any CPU.ActiveCfg = Release|Any CPU
		{3D0A3CD2-30B7-44F7-B3B8-606CE3202011}.Release|Any CPU.Build.0 = Release|Any CPU
		{3D0A3CD2-30B7-44F7-B3B8-606CE3202011}.Release|iPhone.ActiveCfg = Release|Any CPU
		{3D0A3CD2-30B7-44F7-B3B8-606CE3202011}.Release|iPhone.Build.0 = Release|Any CPU
		{3D0A3CD2-30B7-44F7-B3B8-606CE3202011}.Release|iPhoneSimulator.ActiveCfg = Release|Any CPU
		{3D0A3CD2-30B7-44F7-B3B8-606CE3202011}.Release|iPhoneSimulator.Build.0 = Release|Any CPU
		{AC966010-8E51-4BAC-A756-35D649D37C61}.Ad-Hoc|Any CPU.ActiveCfg = Debug|Any CPU
		{AC966010-8E51-4BAC-A756-35D649D37C61}.Ad-Hoc|Any CPU.Build.0 = Debug|Any CPU
		{AC966010-8E51-4BAC-A756-35D649D37C61}.Ad-Hoc|iPhone.ActiveCfg = Debug|Any CPU
		{AC966010-8E51-4BAC-A756-35D649D37C61}.Ad-Hoc|iPhone.Build.0 = Debug|Any CPU
		{AC966010-8E51-4BAC-A756-35D649D37C61}.Ad-Hoc|iPhoneSimulator.ActiveCfg = Debug|Any CPU
		{AC966010-8E51-4BAC-A756-35D649D37C61}.Ad-Hoc|iPhoneSimulator.Build.0 = Debug|Any CPU
		{AC966010-8E51-4BAC-A756-35D649D37C61}.AppStore|Any CPU.ActiveCfg = Debug|Any CPU
		{AC966010-8E51-4BAC-A756-35D649D37C61}.AppStore|Any CPU.Build.0 = Debug|Any CPU
		{AC966010-8E51-4BAC-A756-35D649D37C61}.AppStore|iPhone.ActiveCfg = Debug|Any CPU
		{AC966010-8E51-4BAC-A756-35D649D37C61}.AppStore|iPhone.Build.0 = Debug|Any CPU
		{AC966010-8E51-4BAC-A756-35D649D37C61}.AppStore|iPhoneSimulator.ActiveCfg = Debug|Any CPU
		{AC966010-8E51-4BAC-A756-35D649D37C61}.AppStore|iPhoneSimulator.Build.0 = Debug|Any CPU
		{AC966010-8E51-4BAC-A756-35D649D37C61}.Debug|Any CPU.ActiveCfg = Debug|Any CPU
		{AC966010-8E51-4BAC-A756-35D649D37C61}.Debug|Any CPU.Build.0 = Debug|Any CPU
		{AC966010-8E51-4BAC-A756-35D649D37C61}.Debug|iPhone.ActiveCfg = Debug|Any CPU
		{AC966010-8E51-4BAC-A756-35D649D37C61}.Debug|iPhone.Build.0 = Debug|Any CPU
		{AC966010-8E51-4BAC-A756-35D649D37C61}.Debug|iPhoneSimulator.ActiveCfg = Debug|Any CPU
		{AC966010-8E51-4BAC-A756-35D649D37C61}.Debug|iPhoneSimulator.Build.0 = Debug|Any CPU
		{AC966010-8E51-4BAC-A756-35D649D37C61}.Release|Any CPU.ActiveCfg = Release|Any CPU
		{AC966010-8E51-4BAC-A756-35D649D37C61}.Release|Any CPU.Build.0 = Release|Any CPU
		{AC966010-8E51-4BAC-A756-35D649D37C61}.Release|iPhone.ActiveCfg = Release|Any CPU
		{AC966010-8E51-4BAC-A756-35D649D37C61}.Release|iPhone.Build.0 = Release|Any CPU
		{AC966010-8E51-4BAC-A756-35D649D37C61}.Release|iPhoneSimulator.ActiveCfg = Release|Any CPU
		{AC966010-8E51-4BAC-A756-35D649D37C61}.Release|iPhoneSimulator.Build.0 = Release|Any CPU
	EndGlobalSection
	GlobalSection(SolutionProperties) = preSolution
		HideSolutionNode = FALSE
	EndGlobalSection
	GlobalSection(ExtensibilityGlobals) = postSolution
		SolutionGuid = {7C8C811E-7944-4C2F-B715-5A86970BCCD8}
	EndGlobalSection
EndGlobal
