
Microsoft Visual Studio Solution File, Format Version 12.00
# Visual Studio 15
VisualStudioVersion = 15.0.27130.2036
MinimumVisualStudioVersion = 10.0.40219.1
Project("{FAE04EC0-301F-11D3-BF4B-00C04F79EFBC}") = "Ax1Mobile.Android", "Ax1Mobile\Ax1Mobile.Android\Ax1Mobile.Android.csproj", "{6AA6F252-0CB4-4823-81C0-919E910806A6}"
EndProject
Project("{FAE04EC0-301F-11D3-BF4B-00C04F79EFBC}") = "Ax1Mobile.iOS", "Ax1Mobile\Ax1Mobile.iOS\Ax1Mobile.iOS.csproj", "{A7723343-4CDE-4FB2-B01C-99AE1E0B20B4}"
EndProject
Project("{FAE04EC0-301F-11D3-BF4B-00C04F79EFBC}") = "Ax1Mobile", "Ax1Mobile\Ax1Mobile\Ax1Mobile.csproj", "{997C52D5-116A-46CF-81CE-82833D38397B}"
EndProject
Global
	GlobalSection(SolutionConfigurationPlatforms) = preSolution
		Ad-Hoc|Any CPU = Ad-Hoc|Any CPU
		Ad-Hoc|iPhone = Ad-Hoc|iPhone
		Ad-Hoc|iPhoneSimulator = Ad-Hoc|iPhoneSimulator
		AppStore|Any CPU = AppStore|Any CPU
		AppStore|iPhone = AppStore|iPhone
		AppStore|iPhoneSimulator = AppStore|iPhoneSimulator
		Debug|Any CPU = Debug|Any CPU
		Debug|iPhone = Debug|iPhone
		Debug|iPhoneSimulator = Debug|iPhoneSimulator
		Release|Any CPU = Release|Any CPU
		Release|iPhone = Release|iPhone
		Release|iPhoneSimulator = Release|iPhoneSimulator
	EndGlobalSection
	GlobalSection(ProjectConfigurationPlatforms) = postSolution
		{6AA6F252-0CB4-4823-81C0-919E910806A6}.Ad-Hoc|Any CPU.ActiveCfg = Release|Any CPU
		{6AA6F252-0CB4-4823-81C0-919E910806A6}.Ad-Hoc|Any CPU.Build.0 = Release|Any CPU
		{6AA6F252-0CB4-4823-81C0-919E910806A6}.Ad-Hoc|Any CPU.Deploy.0 = Release|Any CPU
		{6AA6F252-0CB4-4823-81C0-919E910806A6}.Ad-Hoc|iPhone.ActiveCfg = Release|Any CPU
		{6AA6F252-0CB4-4823-81C0-919E910806A6}.Ad-Hoc|iPhone.Build.0 = Release|Any CPU
		{6AA6F252-0CB4-4823-81C0-919E910806A6}.Ad-Hoc|iPhone.Deploy.0 = Release|Any CPU
		{6AA6F252-0CB4-4823-81C0-919E910806A6}.Ad-Hoc|iPhoneSimulator.ActiveCfg = Release|Any CPU
		{6AA6F252-0CB4-4823-81C0-919E910806A6}.Ad-Hoc|iPhoneSimulator.Build.0 = Release|Any CPU
		{6AA6F252-0CB4-4823-81C0-919E910806A6}.Ad-Hoc|iPhoneSimulator.Deploy.0 = Release|Any CPU
		{6AA6F252-0CB4-4823-81C0-919E910806A6}.AppStore|Any CPU.ActiveCfg = Release|Any CPU
		{6AA6F252-0CB4-4823-81C0-919E910806A6}.AppStore|Any CPU.Build.0 = Release|Any CPU
		{6AA6F252-0CB4-4823-81C0-919E910806A6}.AppStore|Any CPU.Deploy.0 = Release|Any CPU
		{6AA6F252-0CB4-4823-81C0-919E910806A6}.AppStore|iPhone.ActiveCfg = Release|Any CPU
		{6AA6F252-0CB4-4823-81C0-919E910806A6}.AppStore|iPhone.Build.0 = Release|Any CPU
		{6AA6F252-0CB4-4823-81C0-919E910806A6}.AppStore|iPhone.Deploy.0 = Release|Any CPU
		{6AA6F252-0CB4-4823-81C0-919E910806A6}.AppStore|iPhoneSimulator.ActiveCfg = Release|Any CPU
		{6AA6F252-0CB4-4823-81C0-919E910806A6}.AppStore|iPhoneSimulator.Build.0 = Release|Any CPU
		{6AA6F252-0CB4-4823-81C0-919E910806A6}.AppStore|iPhoneSimulator.Deploy.0 = Release|Any CPU
		{6AA6F252-0CB4-4823-81C0-919E910806A6}.Debug|Any CPU.ActiveCfg = Debug|Any CPU
		{6AA6F252-0CB4-4823-81C0-919E910806A6}.Debug|Any CPU.Build.0 = Debug|Any CPU
		{6AA6F252-0CB4-4823-81C0-919E910806A6}.Debug|Any CPU.Deploy.0 = Debug|Any CPU
		{6AA6F252-0CB4-4823-81C0-919E910806A6}.Debug|iPhone.ActiveCfg = Debug|Any CPU
		{6AA6F252-0CB4-4823-81C0-919E910806A6}.Debug|iPhone.Build.0 = Debug|Any CPU
		{6AA6F252-0CB4-4823-81C0-919E910806A6}.Debug|iPhone.Deploy.0 = Debug|Any CPU
		{6AA6F252-0CB4-4823-81C0-919E910806A6}.Debug|iPhoneSimulator.ActiveCfg = Debug|Any CPU
		{6AA6F252-0CB4-4823-81C0-919E910806A6}.Debug|iPhoneSimulator.Build.0 = Debug|Any CPU
		{6AA6F252-0CB4-4823-81C0-919E910806A6}.Debug|iPhoneSimulator.Deploy.0 = Debug|Any CPU
		{6AA6F252-0CB4-4823-81C0-919E910806A6}.Release|Any CPU.ActiveCfg = Release|Any CPU
		{6AA6F252-0CB4-4823-81C0-919E910806A6}.Release|Any CPU.Build.0 = Release|Any CPU
		{6AA6F252-0CB4-4823-81C0-919E910806A6}.Release|Any CPU.Deploy.0 = Release|Any CPU
		{6AA6F252-0CB4-4823-81C0-919E910806A6}.Release|iPhone.ActiveCfg = Release|Any CPU
		{6AA6F252-0CB4-4823-81C0-919E910806A6}.Release|iPhone.Build.0 = Release|Any CPU
		{6AA6F252-0CB4-4823-81C0-919E910806A6}.Release|iPhone.Deploy.0 = Release|Any CPU
		{6AA6F252-0CB4-4823-81C0-919E910806A6}.Release|iPhoneSimulator.ActiveCfg = Release|Any CPU
		{6AA6F252-0CB4-4823-81C0-919E910806A6}.Release|iPhoneSimulator.Build.0 = Release|Any CPU
		{6AA6F252-0CB4-4823-81C0-919E910806A6}.Release|iPhoneSimulator.Deploy.0 = Release|Any CPU
		{A7723343-4CDE-4FB2-B01C-99AE1E0B20B4}.Ad-Hoc|Any CPU.ActiveCfg = Ad-Hoc|iPhone
		{A7723343-4CDE-4FB2-B01C-99AE1E0B20B4}.Ad-Hoc|iPhone.ActiveCfg = Ad-Hoc|iPhone
		{A7723343-4CDE-4FB2-B01C-99AE1E0B20B4}.Ad-Hoc|iPhone.Build.0 = Ad-Hoc|iPhone
		{A7723343-4CDE-4FB2-B01C-99AE1E0B20B4}.Ad-Hoc|iPhoneSimulator.ActiveCfg = Ad-Hoc|iPhoneSimulator
		{A7723343-4CDE-4FB2-B01C-99AE1E0B20B4}.Ad-Hoc|iPhoneSimulator.Build.0 = Ad-Hoc|iPhoneSimulator
		{A7723343-4CDE-4FB2-B01C-99AE1E0B20B4}.AppStore|Any CPU.ActiveCfg = AppStore|iPhone
		{A7723343-4CDE-4FB2-B01C-99AE1E0B20B4}.AppStore|iPhone.ActiveCfg = AppStore|iPhone
		{A7723343-4CDE-4FB2-B01C-99AE1E0B20B4}.AppStore|iPhone.Build.0 = AppStore|iPhone
		{A7723343-4CDE-4FB2-B01C-99AE1E0B20B4}.AppStore|iPhoneSimulator.ActiveCfg = AppStore|iPhoneSimulator
		{A7723343-4CDE-4FB2-B01C-99AE1E0B20B4}.AppStore|iPhoneSimulator.Build.0 = AppStore|iPhoneSimulator
		{A7723343-4CDE-4FB2-B01C-99AE1E0B20B4}.Debug|Any CPU.ActiveCfg = Debug|iPhone
		{A7723343-4CDE-4FB2-B01C-99AE1E0B20B4}.Debug|iPhone.ActiveCfg = Debug|iPhone
		{A7723343-4CDE-4FB2-B01C-99AE1E0B20B4}.Debug|iPhone.Build.0 = Debug|iPhone
		{A7723343-4CDE-4FB2-B01C-99AE1E0B20B4}.Debug|iPhoneSimulator.ActiveCfg = Debug|iPhoneSimulator
		{A7723343-4CDE-4FB2-B01C-99AE1E0B20B4}.Debug|iPhoneSimulator.Build.0 = Debug|iPhoneSimulator
		{A7723343-4CDE-4FB2-B01C-99AE1E0B20B4}.Release|Any CPU.ActiveCfg = Release|iPhone
		{A7723343-4CDE-4FB2-B01C-99AE1E0B20B4}.Release|iPhone.ActiveCfg = Release|iPhone
		{A7723343-4CDE-4FB2-B01C-99AE1E0B20B4}.Release|iPhone.Build.0 = Release|iPhone
		{A7723343-4CDE-4FB2-B01C-99AE1E0B20B4}.Release|iPhoneSimulator.ActiveCfg = Release|iPhoneSimulator
		{A7723343-4CDE-4FB2-B01C-99AE1E0B20B4}.Release|iPhoneSimulator.Build.0 = Release|iPhoneSimulator
		{997C52D5-116A-46CF-81CE-82833D38397B}.Ad-Hoc|Any CPU.ActiveCfg = Debug|Any CPU
		{997C52D5-116A-46CF-81CE-82833D38397B}.Ad-Hoc|Any CPU.Build.0 = Debug|Any CPU
		{997C52D5-116A-46CF-81CE-82833D38397B}.Ad-Hoc|iPhone.ActiveCfg = Debug|Any CPU
		{997C52D5-116A-46CF-81CE-82833D38397B}.Ad-Hoc|iPhone.Build.0 = Debug|Any CPU
		{997C52D5-116A-46CF-81CE-82833D38397B}.Ad-Hoc|iPhoneSimulator.ActiveCfg = Debug|Any CPU
		{997C52D5-116A-46CF-81CE-82833D38397B}.Ad-Hoc|iPhoneSimulator.Build.0 = Debug|Any CPU
		{997C52D5-116A-46CF-81CE-82833D38397B}.AppStore|Any CPU.ActiveCfg = Debug|Any CPU
		{997C52D5-116A-46CF-81CE-82833D38397B}.AppStore|Any CPU.Build.0 = Debug|Any CPU
		{997C52D5-116A-46CF-81CE-82833D38397B}.AppStore|iPhone.ActiveCfg = Debug|Any CPU
		{997C52D5-116A-46CF-81CE-82833D38397B}.AppStore|iPhone.Build.0 = Debug|Any CPU
		{997C52D5-116A-46CF-81CE-82833D38397B}.AppStore|iPhoneSimulator.ActiveCfg = Debug|Any CPU
		{997C52D5-116A-46CF-81CE-82833D38397B}.AppStore|iPhoneSimulator.Build.0 = Debug|Any CPU
		{997C52D5-116A-46CF-81CE-82833D38397B}.Debug|Any CPU.ActiveCfg = Debug|Any CPU
		{997C52D5-116A-46CF-81CE-82833D38397B}.Debug|Any CPU.Build.0 = Debug|Any CPU
		{997C52D5-116A-46CF-81CE-82833D38397B}.Debug|iPhone.ActiveCfg = Debug|Any CPU
		{997C52D5-116A-46CF-81CE-82833D38397B}.Debug|iPhone.Build.0 = Debug|Any CPU
		{997C52D5-116A-46CF-81CE-82833D38397B}.Debug|iPhoneSimulator.ActiveCfg = Debug|Any CPU
		{997C52D5-116A-46CF-81CE-82833D38397B}.Debug|iPhoneSimulator.Build.0 = Debug|Any CPU
		{997C52D5-116A-46CF-81CE-82833D38397B}.Release|Any CPU.ActiveCfg = Release|Any CPU
		{997C52D5-116A-46CF-81CE-82833D38397B}.Release|Any CPU.Build.0 = Release|Any CPU
		{997C52D5-116A-46CF-81CE-82833D38397B}.Release|iPhone.ActiveCfg = Release|Any CPU
		{997C52D5-116A-46CF-81CE-82833D38397B}.Release|iPhone.Build.0 = Release|Any CPU
		{997C52D5-116A-46CF-81CE-82833D38397B}.Release|iPhoneSimulator.ActiveCfg = Release|Any CPU
		{997C52D5-116A-46CF-81CE-82833D38397B}.Release|iPhoneSimulator.Build.0 = Release|Any CPU
	EndGlobalSection
	GlobalSection(SolutionProperties) = preSolution
		HideSolutionNode = FALSE
	EndGlobalSection
	GlobalSection(ExtensibilityGlobals) = postSolution
		SolutionGuid = {7C8C811E-7944-4C2F-B715-5A86970BCCD8}
	EndGlobalSection
EndGlobal
