
Microsoft Visual Studio Solution File, Format Version 12.00
# Visual Studio 15
VisualStudioVersion = 15.0.27130.2036
MinimumVisualStudioVersion = 10.0.40219.1
Project("{FAE04EC0-301F-11D3-BF4B-00C04F79EFBC}") = "Ax1Mobile.Android", "Ax1Mobile\Ax1Mobile.Android\Ax1Mobile.Android.csproj", "{009FB5B4-CF17-498A-802F-B6CA7B911098}"
EndProject
Project("{FAE04EC0-301F-11D3-BF4B-00C04F79EFBC}") = "Ax1Mobile.iOS", "Ax1Mobile\Ax1Mobile.iOS\Ax1Mobile.iOS.csproj", "{BFDD15E8-F387-43B7-A993-C12D3869FEAF}"
EndProject
Project("{9A19103F-16F7-4668-BE54-9A1E7A4F7556}") = "Ax1Mobile", "Ax1Mobile\Ax1Mobile\Ax1Mobile.csproj", "{D27E99F2-722F-4DA6-B0EF-C1D118BC41DD}"
EndProject
Project("{FAE04EC0-301F-11D3-BF4B-00C04F79EFBC}") = "Ax1WebApi", "Ax1WebApi\Ax1WebApi.csproj", "{D4474649-F386-4DB5-89BA-CC3B8F5E5DD8}"
EndProject
Global
	GlobalSection(SolutionConfigurationPlatforms) = preSolution
		Ad-Hoc|Any CPU = Ad-Hoc|Any CPU
		Ad-Hoc|iPhone = Ad-Hoc|iPhone
		Ad-Hoc|iPhoneSimulator = Ad-Hoc|iPhoneSimulator
		AppStore|Any CPU = AppStore|Any CPU
		AppStore|iPhone = AppStore|iPhone
		AppStore|iPhoneSimulator = AppStore|iPhoneSimulator
		Debug|Any CPU = Debug|Any CPU
		Debug|iPhone = Debug|iPhone
		Debug|iPhoneSimulator = Debug|iPhoneSimulator
		Release|Any CPU = Release|Any CPU
		Release|iPhone = Release|iPhone
		Release|iPhoneSimulator = Release|iPhoneSimulator
	EndGlobalSection
	GlobalSection(ProjectConfigurationPlatforms) = postSolution
		{009FB5B4-CF17-498A-802F-B6CA7B911098}.Ad-Hoc|Any CPU.ActiveCfg = Release|Any CPU
		{009FB5B4-CF17-498A-802F-B6CA7B911098}.Ad-Hoc|Any CPU.Build.0 = Release|Any CPU
		{009FB5B4-CF17-498A-802F-B6CA7B911098}.Ad-Hoc|Any CPU.Deploy.0 = Release|Any CPU
		{009FB5B4-CF17-498A-802F-B6CA7B911098}.Ad-Hoc|iPhone.ActiveCfg = Release|Any CPU
		{009FB5B4-CF17-498A-802F-B6CA7B911098}.Ad-Hoc|iPhone.Build.0 = Release|Any CPU
		{009FB5B4-CF17-498A-802F-B6CA7B911098}.Ad-Hoc|iPhone.Deploy.0 = Release|Any CPU
		{009FB5B4-CF17-498A-802F-B6CA7B911098}.Ad-Hoc|iPhoneSimulator.ActiveCfg = Release|Any CPU
		{009FB5B4-CF17-498A-802F-B6CA7B911098}.Ad-Hoc|iPhoneSimulator.Build.0 = Release|Any CPU
		{009FB5B4-CF17-498A-802F-B6CA7B911098}.Ad-Hoc|iPhoneSimulator.Deploy.0 = Release|Any CPU
		{009FB5B4-CF17-498A-802F-B6CA7B911098}.AppStore|Any CPU.ActiveCfg = Release|Any CPU
		{009FB5B4-CF17-498A-802F-B6CA7B911098}.AppStore|Any CPU.Build.0 = Release|Any CPU
		{009FB5B4-CF17-498A-802F-B6CA7B911098}.AppStore|Any CPU.Deploy.0 = Release|Any CPU
		{009FB5B4-CF17-498A-802F-B6CA7B911098}.AppStore|iPhone.ActiveCfg = Release|Any CPU
		{009FB5B4-CF17-498A-802F-B6CA7B911098}.AppStore|iPhone.Build.0 = Release|Any CPU
		{009FB5B4-CF17-498A-802F-B6CA7B911098}.AppStore|iPhone.Deploy.0 = Release|Any CPU
		{009FB5B4-CF17-498A-802F-B6CA7B911098}.AppStore|iPhoneSimulator.ActiveCfg = Release|Any CPU
		{009FB5B4-CF17-498A-802F-B6CA7B911098}.AppStore|iPhoneSimulator.Build.0 = Release|Any CPU
		{009FB5B4-CF17-498A-802F-B6CA7B911098}.AppStore|iPhoneSimulator.Deploy.0 = Release|Any CPU
		{009FB5B4-CF17-498A-802F-B6CA7B911098}.Debug|Any CPU.ActiveCfg = Debug|Any CPU
		{009FB5B4-CF17-498A-802F-B6CA7B911098}.Debug|Any CPU.Build.0 = Debug|Any CPU
		{009FB5B4-CF17-498A-802F-B6CA7B911098}.Debug|Any CPU.Deploy.0 = Debug|Any CPU
		{009FB5B4-CF17-498A-802F-B6CA7B911098}.Debug|iPhone.ActiveCfg = Debug|Any CPU
		{009FB5B4-CF17-498A-802F-B6CA7B911098}.Debug|iPhone.Build.0 = Debug|Any CPU
		{009FB5B4-CF17-498A-802F-B6CA7B911098}.Debug|iPhone.Deploy.0 = Debug|Any CPU
		{009FB5B4-CF17-498A-802F-B6CA7B911098}.Debug|iPhoneSimulator.ActiveCfg = Debug|Any CPU
		{009FB5B4-CF17-498A-802F-B6CA7B911098}.Debug|iPhoneSimulator.Build.0 = Debug|Any CPU
		{009FB5B4-CF17-498A-802F-B6CA7B911098}.Debug|iPhoneSimulator.Deploy.0 = Debug|Any CPU
		{009FB5B4-CF17-498A-802F-B6CA7B911098}.Release|Any CPU.ActiveCfg = Release|Any CPU
		{009FB5B4-CF17-498A-802F-B6CA7B911098}.Release|Any CPU.Build.0 = Release|Any CPU
		{009FB5B4-CF17-498A-802F-B6CA7B911098}.Release|Any CPU.Deploy.0 = Release|Any CPU
		{009FB5B4-CF17-498A-802F-B6CA7B911098}.Release|iPhone.ActiveCfg = Release|Any CPU
		{009FB5B4-CF17-498A-802F-B6CA7B911098}.Release|iPhone.Build.0 = Release|Any CPU
		{009FB5B4-CF17-498A-802F-B6CA7B911098}.Release|iPhone.Deploy.0 = Release|Any CPU
		{009FB5B4-CF17-498A-802F-B6CA7B911098}.Release|iPhoneSimulator.ActiveCfg = Release|Any CPU
		{009FB5B4-CF17-498A-802F-B6CA7B911098}.Release|iPhoneSimulator.Build.0 = Release|Any CPU
		{009FB5B4-CF17-498A-802F-B6CA7B911098}.Release|iPhoneSimulator.Deploy.0 = Release|Any CPU
		{BFDD15E8-F387-43B7-A993-C12D3869FEAF}.Ad-Hoc|Any CPU.ActiveCfg = Ad-Hoc|iPhone
		{BFDD15E8-F387-43B7-A993-C12D3869FEAF}.Ad-Hoc|iPhone.ActiveCfg = Ad-Hoc|iPhone
		{BFDD15E8-F387-43B7-A993-C12D3869FEAF}.Ad-Hoc|iPhone.Build.0 = Ad-Hoc|iPhone
		{BFDD15E8-F387-43B7-A993-C12D3869FEAF}.Ad-Hoc|iPhoneSimulator.ActiveCfg = Ad-Hoc|iPhoneSimulator
		{BFDD15E8-F387-43B7-A993-C12D3869FEAF}.Ad-Hoc|iPhoneSimulator.Build.0 = Ad-Hoc|iPhoneSimulator
		{BFDD15E8-F387-43B7-A993-C12D3869FEAF}.AppStore|Any CPU.ActiveCfg = AppStore|iPhone
		{BFDD15E8-F387-43B7-A993-C12D3869FEAF}.AppStore|iPhone.ActiveCfg = AppStore|iPhone
		{BFDD15E8-F387-43B7-A993-C12D3869FEAF}.AppStore|iPhone.Build.0 = AppStore|iPhone
		{BFDD15E8-F387-43B7-A993-C12D3869FEAF}.AppStore|iPhoneSimulator.ActiveCfg = AppStore|iPhoneSimulator
		{BFDD15E8-F387-43B7-A993-C12D3869FEAF}.AppStore|iPhoneSimulator.Build.0 = AppStore|iPhoneSimulator
		{BFDD15E8-F387-43B7-A993-C12D3869FEAF}.Debug|Any CPU.ActiveCfg = Debug|iPhone
		{BFDD15E8-F387-43B7-A993-C12D3869FEAF}.Debug|iPhone.ActiveCfg = Debug|iPhone
		{BFDD15E8-F387-43B7-A993-C12D3869FEAF}.Debug|iPhone.Build.0 = Debug|iPhone
		{BFDD15E8-F387-43B7-A993-C12D3869FEAF}.Debug|iPhoneSimulator.ActiveCfg = Debug|iPhoneSimulator
		{BFDD15E8-F387-43B7-A993-C12D3869FEAF}.Debug|iPhoneSimulator.Build.0 = Debug|iPhoneSimulator
		{BFDD15E8-F387-43B7-A993-C12D3869FEAF}.Release|Any CPU.ActiveCfg = Release|iPhone
		{BFDD15E8-F387-43B7-A993-C12D3869FEAF}.Release|iPhone.ActiveCfg = Release|iPhone
		{BFDD15E8-F387-43B7-A993-C12D3869FEAF}.Release|iPhone.Build.0 = Release|iPhone
		{BFDD15E8-F387-43B7-A993-C12D3869FEAF}.Release|iPhoneSimulator.ActiveCfg = Release|iPhoneSimulator
		{BFDD15E8-F387-43B7-A993-C12D3869FEAF}.Release|iPhoneSimulator.Build.0 = Release|iPhoneSimulator
		{D27E99F2-722F-4DA6-B0EF-C1D118BC41DD}.Ad-Hoc|Any CPU.ActiveCfg = Debug|Any CPU
		{D27E99F2-722F-4DA6-B0EF-C1D118BC41DD}.Ad-Hoc|Any CPU.Build.0 = Debug|Any CPU
		{D27E99F2-722F-4DA6-B0EF-C1D118BC41DD}.Ad-Hoc|iPhone.ActiveCfg = Debug|Any CPU
		{D27E99F2-722F-4DA6-B0EF-C1D118BC41DD}.Ad-Hoc|iPhone.Build.0 = Debug|Any CPU
		{D27E99F2-722F-4DA6-B0EF-C1D118BC41DD}.Ad-Hoc|iPhoneSimulator.ActiveCfg = Debug|Any CPU
		{D27E99F2-722F-4DA6-B0EF-C1D118BC41DD}.Ad-Hoc|iPhoneSimulator.Build.0 = Debug|Any CPU
		{D27E99F2-722F-4DA6-B0EF-C1D118BC41DD}.AppStore|Any CPU.ActiveCfg = Debug|Any CPU
		{D27E99F2-722F-4DA6-B0EF-C1D118BC41DD}.AppStore|Any CPU.Build.0 = Debug|Any CPU
		{D27E99F2-722F-4DA6-B0EF-C1D118BC41DD}.AppStore|iPhone.ActiveCfg = Debug|Any CPU
		{D27E99F2-722F-4DA6-B0EF-C1D118BC41DD}.AppStore|iPhone.Build.0 = Debug|Any CPU
		{D27E99F2-722F-4DA6-B0EF-C1D118BC41DD}.AppStore|iPhoneSimulator.ActiveCfg = Debug|Any CPU
		{D27E99F2-722F-4DA6-B0EF-C1D118BC41DD}.AppStore|iPhoneSimulator.Build.0 = Debug|Any CPU
		{D27E99F2-722F-4DA6-B0EF-C1D118BC41DD}.Debug|Any CPU.ActiveCfg = Debug|Any CPU
		{D27E99F2-722F-4DA6-B0EF-C1D118BC41DD}.Debug|Any CPU.Build.0 = Debug|Any CPU
		{D27E99F2-722F-4DA6-B0EF-C1D118BC41DD}.Debug|iPhone.ActiveCfg = Debug|Any CPU
		{D27E99F2-722F-4DA6-B0EF-C1D118BC41DD}.Debug|iPhone.Build.0 = Debug|Any CPU
		{D27E99F2-722F-4DA6-B0EF-C1D118BC41DD}.Debug|iPhoneSimulator.ActiveCfg = Debug|Any CPU
		{D27E99F2-722F-4DA6-B0EF-C1D118BC41DD}.Debug|iPhoneSimulator.Build.0 = Debug|Any CPU
		{D27E99F2-722F-4DA6-B0EF-C1D118BC41DD}.Release|Any CPU.ActiveCfg = Release|Any CPU
		{D27E99F2-722F-4DA6-B0EF-C1D118BC41DD}.Release|Any CPU.Build.0 = Release|Any CPU
		{D27E99F2-722F-4DA6-B0EF-C1D118BC41DD}.Release|iPhone.ActiveCfg = Release|Any CPU
		{D27E99F2-722F-4DA6-B0EF-C1D118BC41DD}.Release|iPhone.Build.0 = Release|Any CPU
		{D27E99F2-722F-4DA6-B0EF-C1D118BC41DD}.Release|iPhoneSimulator.ActiveCfg = Release|Any CPU
		{D27E99F2-722F-4DA6-B0EF-C1D118BC41DD}.Release|iPhoneSimulator.Build.0 = Release|Any CPU
		{D4474649-F386-4DB5-89BA-CC3B8F5E5DD8}.Ad-Hoc|Any CPU.ActiveCfg = Release|Any CPU
		{D4474649-F386-4DB5-89BA-CC3B8F5E5DD8}.Ad-Hoc|Any CPU.Build.0 = Release|Any CPU
		{D4474649-F386-4DB5-89BA-CC3B8F5E5DD8}.Ad-Hoc|iPhone.ActiveCfg = Release|Any CPU
		{D4474649-F386-4DB5-89BA-CC3B8F5E5DD8}.Ad-Hoc|iPhone.Build.0 = Release|Any CPU
		{D4474649-F386-4DB5-89BA-CC3B8F5E5DD8}.Ad-Hoc|iPhoneSimulator.ActiveCfg = Release|Any CPU
		{D4474649-F386-4DB5-89BA-CC3B8F5E5DD8}.Ad-Hoc|iPhoneSimulator.Build.0 = Release|Any CPU
		{D4474649-F386-4DB5-89BA-CC3B8F5E5DD8}.AppStore|Any CPU.ActiveCfg = Release|Any CPU
		{D4474649-F386-4DB5-89BA-CC3B8F5E5DD8}.AppStore|Any CPU.Build.0 = Release|Any CPU
		{D4474649-F386-4DB5-89BA-CC3B8F5E5DD8}.AppStore|iPhone.ActiveCfg = Release|Any CPU
		{D4474649-F386-4DB5-89BA-CC3B8F5E5DD8}.AppStore|iPhone.Build.0 = Release|Any CPU
		{D4474649-F386-4DB5-89BA-CC3B8F5E5DD8}.AppStore|iPhoneSimulator.ActiveCfg = Release|Any CPU
		{D4474649-F386-4DB5-89BA-CC3B8F5E5DD8}.AppStore|iPhoneSimulator.Build.0 = Release|Any CPU
		{D4474649-F386-4DB5-89BA-CC3B8F5E5DD8}.Debug|Any CPU.ActiveCfg = Debug|Any CPU
		{D4474649-F386-4DB5-89BA-CC3B8F5E5DD8}.Debug|Any CPU.Build.0 = Debug|Any CPU
		{D4474649-F386-4DB5-89BA-CC3B8F5E5DD8}.Debug|iPhone.ActiveCfg = Debug|Any CPU
		{D4474649-F386-4DB5-89BA-CC3B8F5E5DD8}.Debug|iPhone.Build.0 = Debug|Any CPU
		{D4474649-F386-4DB5-89BA-CC3B8F5E5DD8}.Debug|iPhoneSimulator.ActiveCfg = Debug|Any CPU
		{D4474649-F386-4DB5-89BA-CC3B8F5E5DD8}.Debug|iPhoneSimulator.Build.0 = Debug|Any CPU
		{D4474649-F386-4DB5-89BA-CC3B8F5E5DD8}.Release|Any CPU.ActiveCfg = Release|Any CPU
		{D4474649-F386-4DB5-89BA-CC3B8F5E5DD8}.Release|Any CPU.Build.0 = Release|Any CPU
		{D4474649-F386-4DB5-89BA-CC3B8F5E5DD8}.Release|iPhone.ActiveCfg = Release|Any CPU
		{D4474649-F386-4DB5-89BA-CC3B8F5E5DD8}.Release|iPhone.Build.0 = Release|Any CPU
		{D4474649-F386-4DB5-89BA-CC3B8F5E5DD8}.Release|iPhoneSimulator.ActiveCfg = Release|Any CPU
		{D4474649-F386-4DB5-89BA-CC3B8F5E5DD8}.Release|iPhoneSimulator.Build.0 = Release|Any CPU
	EndGlobalSection
	GlobalSection(SolutionProperties) = preSolution
		HideSolutionNode = FALSE
	EndGlobalSection
	GlobalSection(ExtensibilityGlobals) = postSolution
		SolutionGuid = {7C8C811E-7944-4C2F-B715-5A86970BCCD8}
	EndGlobalSection
EndGlobal
